<Solution>
  <Folder Name="/src/">
    <Project Path="src/RaffleIndexer/RaffleIndexer.csproj" />
  </Folder>
  <Folder Name="/tests/">
    <Project Path="tests/RaffleIndexer.IntegrationTests/RaffleIndexer.IntegrationTests.csproj" />
    <Project Path="tests/RaffleIndexer.UnitTests/RaffleIndexer.UnitTests.csproj" />
  </Folder>
</Solution>
